
Microsoft Visual Studio Solution File, Format Version 12.00
# Visual Studio Version 16
VisualStudioVersion = 16.0.30011.22
MinimumVisualStudioVersion = 10.0.40219.1
Project("{8BC9CEB8-8B4A-11D0-8D11-00A0C91BC942}") = "OOP Cours sem 4 Game", "OOP Cours sem 4 Game.vcxproj", "{904DA6A4-6079-4A21-A1D6-EF6F18149B9E}"
EndProject
Global
	GlobalSection(SolutionConfigurationPlatforms) = preSolution
		Debug|x64 = Debug|x64
		Debug|x86 = Debug|x86
		Release|x64 = Release|x64
		Release|x86 = Release|x86
	EndGlobalSection
	GlobalSection(ProjectConfigurationPlatforms) = postSolution
		{904DA6A4-6079-4A21-A1D6-EF6F18149B9E}.Debug|x64.ActiveCfg = Debug|x64
		{904DA6A4-6079-4A21-A1D6-EF6F18149B9E}.Debug|x64.Build.0 = Debug|x64
		{904DA6A4-6079-4A21-A1D6-EF6F18149B9E}.Debug|x86.ActiveCfg = Debug|Win32
		{904DA6A4-6079-4A21-A1D6-EF6F18149B9E}.Debug|x86.Build.0 = Debug|Win32
		{904DA6A4-6079-4A21-A1D6-EF6F18149B9E}.Release|x64.ActiveCfg = Release|x64
		{904DA6A4-6079-4A21-A1D6-EF6F18149B9E}.Release|x64.Build.0 = Release|x64
		{904DA6A4-6079-4A21-A1D6-EF6F18149B9E}.Release|x86.ActiveCfg = Release|Win32
		{904DA6A4-6079-4A21-A1D6-EF6F18149B9E}.Release|x86.Build.0 = Release|Win32
	EndGlobalSection
	GlobalSection(SolutionProperties) = preSolution
		HideSolutionNode = FALSE
	EndGlobalSection
	GlobalSection(ExtensibilityGlobals) = postSolution
		SolutionGuid = {D888C8A1-BA8D-4D7F-AAB9-E4F749259D5B}
	EndGlobalSection
EndGlobal
